[[package]]
name = "asgiref"
version = "3.4.1"
description = "ASGI specs, helper code, and adapters"
category = "main"
optional = false
python-versions = ">=3.6"

[package.extras]
tests = ["pytest", "pytest-asyncio", "mypy (>=0.800)"]

[[package]]
name = "django"
version = "3.2.6"
description = "A high-level Python Web framework that encourages rapid development and clean, pragmatic design."
category = "main"
optional = false
python-versions = ">=3.6"

[package.dependencies]
asgiref = ">=3.3.2,<4"
pytz = "*"
sqlparse = ">=0.2.2"

[package.extras]
argon2 = ["argon2-cffi (>=19.1.0)"]
bcrypt = ["bcrypt"]

[[package]]
name = "pytz"
version = "2021.1"
description = "World timezone definitions, modern and historical"
category = "main"
optional = false
python-versions = "*"

[[package]]
name = "sqlparse"
version = "0.4.1"
description = "A non-validating SQL parser."
category = "main"
optional = false
python-versions = ">=3.5"

[metadata]
lock-version = "1.1"
python-versions = "^3.8"
content-hash = "af4a7f054f230abb398d1f460b6a2c2afef4d6453977b15892513bc96ae8eec8"

[metadata.files]
asgiref = [
    {file = "asgiref-3.4.1-py3-none-any.whl", hash = "sha256:ffc141aa908e6f175673e7b1b3b7af4fdb0ecb738fc5c8b88f69f055c2415214"},
    {file = "asgiref-3.4.1.tar.gz", hash = "sha256:4ef1ab46b484e3c706329cedeff284a5d40824200638503f5768edb6de7d58e9"},
]
django = [
    {file = "Django-3.2.6-py3-none-any.whl", hash = "sha256:7f92413529aa0e291f3be78ab19be31aefb1e1c9a52cd59e130f505f27a51f13"},
    {file = "Django-3.2.6.tar.gz", hash = "sha256:f27f8544c9d4c383bbe007c57e3235918e258364577373d4920e9162837be022"},
]
pytz = [
    {file = "pytz-2021.1-py2.py3-none-any.whl", hash = "sha256:eb10ce3e7736052ed3623d49975ce333bcd712c7bb19a58b9e2089d4057d0798"},
    {file = "pytz-2021.1.tar.gz", hash = "sha256:83a4a90894bf38e243cf052c8b58f381bfe9a7a483f6a9cab140bc7f702ac4da"},
]
sqlparse = [
    {file = "sqlparse-0.4.1-py3-none-any.whl", hash = "sha256:017cde379adbd6a1f15a61873f43e8274179378e95ef3fede90b5aa64d304ed0"},
    {file = "sqlparse-0.4.1.tar.gz", hash = "sha256:0f91fd2e829c44362cbcfab3e9ae12e22badaa8a29ad5ff599f9ec109f0454e8"},
]
